
Microsoft Visual Studio Solution File, Format Version 12.00
# Visual Studio 2012
Project("{FAE04EC0-301F-11D3-BF4B-00C04F79EFBC}") = "ToEatList", "ToEatList\ToEatList.csproj", "{90465088-26BE-4F96-A8E0-41D39A2E2635}"
EndProject
Project("{FAE04EC0-301F-11D3-BF4B-00C04F79EFBC}") = "ToEatList.Test.Unit", "ToEatList.Test.Unit\ToEatList.Test.Unit.csproj", "{A6B5BD5E-A715-4DA9-B735-87F035195573}"
EndProject
Global
	GlobalSection(SolutionConfigurationPlatforms) = preSolution
		Debug|Any CPU = Debug|Any CPU
		Release|Any CPU = Release|Any CPU
	EndGlobalSection
	GlobalSection(ProjectConfigurationPlatforms) = postSolution
		{90465088-26BE-4F96-A8E0-41D39A2E2635}.Debug|Any CPU.ActiveCfg = Debug|Any CPU
		{90465088-26BE-4F96-A8E0-41D39A2E2635}.Debug|Any CPU.Build.0 = Debug|Any CPU
		{90465088-26BE-4F96-A8E0-41D39A2E2635}.Release|Any CPU.ActiveCfg = Release|Any CPU
		{90465088-26BE-4F96-A8E0-41D39A2E2635}.Release|Any CPU.Build.0 = Release|Any CPU
		{A6B5BD5E-A715-4DA9-B735-87F035195573}.Debug|Any CPU.ActiveCfg = Debug|Any CPU
		{A6B5BD5E-A715-4DA9-B735-87F035195573}.Debug|Any CPU.Build.0 = Debug|Any CPU
		{A6B5BD5E-A715-4DA9-B735-87F035195573}.Release|Any CPU.ActiveCfg = Release|Any CPU
		{A6B5BD5E-A715-4DA9-B735-87F035195573}.Release|Any CPU.Build.0 = Release|Any CPU
	EndGlobalSection
	GlobalSection(SolutionProperties) = preSolution
		HideSolutionNode = FALSE
	EndGlobalSection
EndGlobal
